
Microsoft Visual Studio Solution File, Format Version 12.00
# Visual Studio Version 17
VisualStudioVersion = 17.1.31911.260
MinimumVisualStudioVersion = 10.0.40219.1
Project("{8BC9CEB8-8B4A-11D0-8D11-00A0C91BC942}") = "suffix_tree_from_array", "suffix_tree_from_array.vcxproj", "{BF1AB7E1-8DB9-4B63-B8F7-0B6D71AEE8BD}"
EndProject
Global
	GlobalSection(SolutionConfigurationPlatforms) = preSolution
		Debug|x64 = Debug|x64
		Debug|x86 = Debug|x86
		Release|x64 = Release|x64
		Release|x86 = Release|x86
	EndGlobalSection
	GlobalSection(ProjectConfigurationPlatforms) = postSolution
		{BF1AB7E1-8DB9-4B63-B8F7-0B6D71AEE8BD}.Debug|x64.ActiveCfg = Debug|x64
		{BF1AB7E1-8DB9-4B63-B8F7-0B6D71AEE8BD}.Debug|x64.Build.0 = Debug|x64
		{BF1AB7E1-8DB9-4B63-B8F7-0B6D71AEE8BD}.Debug|x86.ActiveCfg = Debug|Win32
		{BF1AB7E1-8DB9-4B63-B8F7-0B6D71AEE8BD}.Debug|x86.Build.0 = Debug|Win32
		{BF1AB7E1-8DB9-4B63-B8F7-0B6D71AEE8BD}.Release|x64.ActiveCfg = Release|x64
		{BF1AB7E1-8DB9-4B63-B8F7-0B6D71AEE8BD}.Release|x64.Build.0 = Release|x64
		{BF1AB7E1-8DB9-4B63-B8F7-0B6D71AEE8BD}.Release|x86.ActiveCfg = Release|Win32
		{BF1AB7E1-8DB9-4B63-B8F7-0B6D71AEE8BD}.Release|x86.Build.0 = Release|Win32
	EndGlobalSection
	GlobalSection(SolutionProperties) = preSolution
		HideSolutionNode = FALSE
	EndGlobalSection
	GlobalSection(ExtensibilityGlobals) = postSolution
		SolutionGuid = {F1EA1269-2529-49AD-AC24-10EB83F2CE74}
	EndGlobalSection
EndGlobal
